
Microsoft Visual Studio Solution File, Format Version 12.00
# Visual Studio Version 16
VisualStudioVersion = 16.0.29905.134
MinimumVisualStudioVersion = 10.0.40219.1
Project("{FAE04EC0-301F-11D3-BF4B-00C04F79EFBC}") = "TEMA_Interfata", "TEMA_Interfata\TEMA_Interfata.csproj", "{C8969764-FE12-41D7-88E4-48DAC38D2625}"
EndProject
Project("{FAE04EC0-301F-11D3-BF4B-00C04F79EFBC}") = "Tema_Form2", "Tema_Form2\Tema_Form2.csproj", "{7C9DDE4D-B16E-4A07-A253-54D1E47BE97A}"
EndProject
Global
	GlobalSection(SolutionConfigurationPlatforms) = preSolution
		Debug|Any CPU = Debug|Any CPU
		Release|Any CPU = Release|Any CPU
	EndGlobalSection
	GlobalSection(ProjectConfigurationPlatforms) = postSolution
		{C8969764-FE12-41D7-88E4-48DAC38D2625}.Debug|Any CPU.ActiveCfg = Debug|Any CPU
		{C8969764-FE12-41D7-88E4-48DAC38D2625}.Debug|Any CPU.Build.0 = Debug|Any CPU
		{C8969764-FE12-41D7-88E4-48DAC38D2625}.Release|Any CPU.ActiveCfg = Release|Any CPU
		{C8969764-FE12-41D7-88E4-48DAC38D2625}.Release|Any CPU.Build.0 = Release|Any CPU
		{7C9DDE4D-B16E-4A07-A253-54D1E47BE97A}.Debug|Any CPU.ActiveCfg = Debug|Any CPU
		{7C9DDE4D-B16E-4A07-A253-54D1E47BE97A}.Debug|Any CPU.Build.0 = Debug|Any CPU
		{7C9DDE4D-B16E-4A07-A253-54D1E47BE97A}.Release|Any CPU.ActiveCfg = Release|Any CPU
		{7C9DDE4D-B16E-4A07-A253-54D1E47BE97A}.Release|Any CPU.Build.0 = Release|Any CPU
	EndGlobalSection
	GlobalSection(SolutionProperties) = preSolution
		HideSolutionNode = FALSE
	EndGlobalSection
	GlobalSection(ExtensibilityGlobals) = postSolution
		SolutionGuid = {2E0CB105-E7CB-4AB3-B789-A16C2C1ED13F}
	EndGlobalSection
EndGlobal
